{
  "version": 4,
  "terraform_version": "0.13.4",
  "serial": 5,
  "lineage": "0404fca0-2f9e-64e2-f393-436b0fd204b6",
  "outputs": {},
  "resources": [
    {
      "mode": "managed",
      "type": "aws_vpc",
      "name": "vpc",
      "provider": "provider[\"registry.terraform.io/hashicorp/aws\"]",
      "instances": [
        {
          "schema_version": 1,
          "attributes": {
            "arn": "arn:aws:ec2:ap-northeast-1:773463613334:vpc/vpc-0445dd4cda9afdbe4",
            "assign_generated_ipv6_cidr_block": false,
            "cidr_block": "10.10.0.0/16",
            "default_network_acl_id": "acl-0994f36a3e480163f",
            "default_route_table_id": "rtb-0c59f99a4a7cb5f58",
            "default_security_group_id": "sg-0533c19cf1183578b",
            "dhcp_options_id": "dopt-f4526693",
            "enable_classiclink": false,
            "enable_classiclink_dns_support": false,
            "enable_dns_hostnames": false,
            "enable_dns_support": true,
            "id": "vpc-0445dd4cda9afdbe4",
            "instance_tenancy": "default",
            "ipv6_association_id": "",
            "ipv6_cidr_block": "",
            "main_route_table_id": "rtb-0c59f99a4a7cb5f58",
            "owner_id": "773463613334",
            "tags": {
              "Name": "main_vpc"
            }
          },
          "private": "eyJzY2hlbWFfdmVyc2lvbiI6IjEifQ=="
        }
      ]
    }
  ]
}
